{
  "name": "phase-4-deploying-app-demo",
  "lockfileVersion": 3,
  "requires": true,
  "packages": {
    "": {
      "name": "phase-4-deploying-app-demo",
      "dependencies": {
        "@cloudinary/react": "^1.6.0",
        "@cloudinary/url-gen": "^1.8.6"
      },
      "engines": {
        "node": "16.x"
      }
    },
    "node_modules/@cloudinary/html": {
      "version": "1.6.0",
      "resolved": "https://registry.npmjs.org/@cloudinary/html/-/html-1.6.0.tgz",
      "integrity": "sha512-LAaVavVaUuuGWfp2IR+52dd5cMLV787LYshejHWKrgg+yHjy/VtwNZz37QiRAAgcDsJokoKegHVlpnX7LxO67w==",
      "dependencies": {
        "@types/lodash.clonedeep": "^4.5.6",
        "@types/lodash.debounce": "^4.0.6",
        "@types/node": "^14.14.10",
        "lodash.clonedeep": "^4.5.0",
        "lodash.debounce": "^4.0.8",
        "typescript": "^4.1.2"
      }
    },
    "node_modules/@cloudinary/react": {
      "version": "1.6.0",
      "resolved": "https://registry.npmjs.org/@cloudinary/react/-/react-1.6.0.tgz",
      "integrity": "sha512-c/M7hKivnq/MB8s68MfOModo6Zu08xt10XUOUZumJL6VvRgcF2Z4j4+TlXtM8IYVLUbIpmDLm5omPMjNVIB0Sg==",
      "dependencies": {
        "@cloudinary/html": "^1.6.0"
      },
      "engines": {
        "node": ">=10"
      },
      "peerDependencies": {
        "react": "^16.3.0 || ^17.0.0 || ^18.0.0"
      }
    },
    "node_modules/@cloudinary/transformation-builder-sdk": {
      "version": "1.1.0",
      "resolved": "https://registry.npmjs.org/@cloudinary/transformation-builder-sdk/-/transformation-builder-sdk-1.1.0.tgz",
      "integrity": "sha512-BqhTqIwPTyQ4hE0NjKXf/bF7VAjwe2ZHNuypdG6oQ6bDoiLTOSzdAZsg0jFndureQiVPavBKOzQTjHImp45z/g==",
      "dependencies": {
        "@cloudinary/url-gen": "^1.7.0"
      }
    },
    "node_modules/@cloudinary/url-gen": {
      "version": "1.8.6",
      "resolved": "https://registry.npmjs.org/@cloudinary/url-gen/-/url-gen-1.8.6.tgz",
      "integrity": "sha512-BZUHOns1+ECmZTGlcWWZ1mM7Fu5TsSWqbknGCVtmhgX2g82kwZa3W3LhICMu/xyPjuQmz8ykjXHAkRw5kRZf+w==",
      "dependencies": {
        "@cloudinary/transformation-builder-sdk": "^1.0.0"
      }
    },
    "node_modules/@types/lodash": {
      "version": "4.14.189",
      "resolved": "https://registry.npmjs.org/@types/lodash/-/lodash-4.14.189.tgz",
      "integrity": "sha512-kb9/98N6X8gyME9Cf7YaqIMvYGnBSWqEci6tiettE6iJWH1XdJz/PO8LB0GtLCG7x8dU3KWhZT+lA1a35127tA=="
    },
    "node_modules/@types/lodash.clonedeep": {
      "version": "4.5.7",
      "resolved": "https://registry.npmjs.org/@types/lodash.clonedeep/-/lodash.clonedeep-4.5.7.tgz",
      "integrity": "sha512-ccNqkPptFIXrpVqUECi60/DFxjNKsfoQxSQsgcBJCX/fuX1wgyQieojkcWH/KpE3xzLoWN/2k+ZeGqIN3paSvw==",
      "dependencies": {
        "@types/lodash": "*"
      }
    },
    "node_modules/@types/lodash.debounce": {
      "version": "4.0.7",
      "resolved": "https://registry.npmjs.org/@types/lodash.debounce/-/lodash.debounce-4.0.7.tgz",
      "integrity": "sha512-X1T4wMZ+gT000M2/91SYj0d/7JfeNZ9PeeOldSNoE/lunLeQXKvkmIumI29IaKMotU/ln/McOIvgzZcQ/3TrSA==",
      "dependencies": {
        "@types/lodash": "*"
      }
    },
    "node_modules/@types/node": {
      "version": "14.18.33",
      "resolved": "https://registry.npmjs.org/@types/node/-/node-14.18.33.tgz",
      "integrity": "sha512-qelS/Ra6sacc4loe/3MSjXNL1dNQ/GjxNHVzuChwMfmk7HuycRLVQN2qNY3XahK+fZc5E2szqQSKUyAF0E+2bg=="
    },
    "node_modules/js-tokens": {
      "version": "4.0.0",
      "resolved": "https://registry.npmjs.org/js-tokens/-/js-tokens-4.0.0.tgz",
      "integrity": "sha512-RdJUflcE3cUzKiMqQgsCu06FPu9UdIJO0beYbPhHN4k6apgJtifcoCtT9bcxOpYBtpD2kCM6Sbzg4CausW/PKQ==",
      "peer": true
    },
    "node_modules/lodash.clonedeep": {
      "version": "4.5.0",
      "resolved": "https://registry.npmjs.org/lodash.clonedeep/-/lodash.clonedeep-4.5.0.tgz",
      "integrity": "sha512-H5ZhCF25riFd9uB5UCkVKo61m3S/xZk1x4wA6yp/L3RFP6Z/eHH1ymQcGLo7J3GMPfm0V/7m1tryHuGVxpqEBQ=="
    },
    "node_modules/lodash.debounce": {
      "version": "4.0.8",
      "resolved": "https://registry.npmjs.org/lodash.debounce/-/lodash.debounce-4.0.8.tgz",
      "integrity": "sha512-FT1yDzDYEoYWhnSGnpE/4Kj1fLZkDFyqRb7fNt6FdYOSxlUWAtp42Eh6Wb0rGIv/m9Bgo7x4GhQbm5Ys4SG5ow=="
    },
    "node_modules/loose-envify": {
      "version": "1.4.0",
      "resolved": "https://registry.npmjs.org/loose-envify/-/loose-envify-1.4.0.tgz",
      "integrity": "sha512-lyuxPGr/Wfhrlem2CL/UcnUc1zcqKAImBDzukY7Y5F/yQiNdko6+fRLevlw1HgMySw7f611UIY408EtxRSoK3Q==",
      "peer": true,
      "dependencies": {
        "js-tokens": "^3.0.0 || ^4.0.0"
      },
      "bin": {
        "loose-envify": "cli.js"
      }
    },
    "node_modules/react": {
      "version": "18.2.0",
      "resolved": "https://registry.npmjs.org/react/-/react-18.2.0.tgz",
      "integrity": "sha512-/3IjMdb2L9QbBdWiW5e3P2/npwMBaU9mHCSCUzNln0ZCYbcfTsGbTJrU/kGemdH2IWmB2ioZ+zkxtmq6g09fGQ==",
      "peer": true,
      "dependencies": {
        "loose-envify": "^1.1.0"
      },
      "engines": {
        "node": ">=0.10.0"
      }
    },
    "node_modules/typescript": {
      "version": "4.9.3",
      "resolved": "https://registry.npmjs.org/typescript/-/typescript-4.9.3.tgz",
      "integrity": "sha512-CIfGzTelbKNEnLpLdGFgdyKhG23CKdKgQPOBc+OUNrkJ2vr+KSzsSV5kq5iWhEQbok+quxgGzrAtGWCyU7tHnA==",
      "bin": {
        "tsc": "bin/tsc",
        "tsserver": "bin/tsserver"
      },
      "engines": {
        "node": ">=4.2.0"
      }
    }
  }
}
